Microsoft Visual Studio Solution File, Format Version 8.00
Project("{FAE04EC0-301F-11D3-BF4B-00C04F79EFBC}") = "CustomerLibrary", "CustomerLibrary\CustomerLibrary.csproj", "{985715CE-F291-4D4D-B976-EC1E8058ADB6}"
	ProjectSection(ProjectDependencies) = postProject
	EndProjectSection
EndProject
Project("{FAE04EC0-301F-11D3-BF4B-00C04F79EFBC}") = "CustomerServer", "CustomerServer\CustomerServer.csproj", "{EF4528E4-D8CD-4343-83DD-F0A8280C415B}"
	ProjectSection(ProjectDependencies) = postProject
	EndProjectSection
EndProject
Global
	GlobalSection(SolutionConfiguration) = preSolution
		Debug = Debug
		Release = Release
	EndGlobalSection
	GlobalSection(ProjectConfiguration) = postSolution
		{985715CE-F291-4D4D-B976-EC1E8058ADB6}.Debug.ActiveCfg = Debug|.NET
		{985715CE-F291-4D4D-B976-EC1E8058ADB6}.Debug.Build.0 = Debug|.NET
		{985715CE-F291-4D4D-B976-EC1E8058ADB6}.Release.ActiveCfg = Release|.NET
		{985715CE-F291-4D4D-B976-EC1E8058ADB6}.Release.Build.0 = Release|.NET
		{EF4528E4-D8CD-4343-83DD-F0A8280C415B}.Debug.ActiveCfg = Debug|.NET
		{EF4528E4-D8CD-4343-83DD-F0A8280C415B}.Debug.Build.0 = Debug|.NET
		{EF4528E4-D8CD-4343-83DD-F0A8280C415B}.Release.ActiveCfg = Release|.NET
		{EF4528E4-D8CD-4343-83DD-F0A8280C415B}.Release.Build.0 = Release|.NET
	EndGlobalSection
	GlobalSection(ExtensibilityGlobals) = postSolution
	EndGlobalSection
	GlobalSection(ExtensibilityAddIns) = postSolution
	EndGlobalSection
EndGlobal
